{
  "name": "learn-rescript",
  "version": "0.0.1",
  "lockfileVersion": 3,
  "requires": true,
  "packages": {
    "": {
      "name": "learn-rescript",
      "version": "0.0.1",
      "license": "CC-BY-4.0",
      "dependencies": {
        "rescript": "^10.0.1"
      },
      "devDependencies": {
        "bs-platform": "^8.3.3"
      }
    },
    "node_modules/bs-platform": {
      "version": "8.4.2",
      "resolved": "https://registry.npmjs.org/bs-platform/-/bs-platform-8.4.2.tgz",
      "integrity": "sha512-9q7S4/LLV/a68CweN382NJdCCr/lOSsJR3oQYnmPK98ChfO/AdiA3lYQkQTp6T+U0I5Z5RypUAUprNstwDtMDQ==",
      "dev": true,
      "hasInstallScript": true,
      "bin": {
        "bsb": "bsb",
        "bsc": "bsc",
        "bsrefmt": "bsrefmt",
        "bstracing": "lib/bstracing"
      }
    },
    "node_modules/rescript": {
      "version": "10.0.1",
      "resolved": "https://registry.npmjs.org/rescript/-/rescript-10.0.1.tgz",
      "integrity": "sha512-XwO1GPDtoEU4H03xQE5bp0/qtSVR6YLaJRPxWKrfFgKc+LI36ODOCie7o9UJfgzQdoMYkkZyiTGZ4N9OQEaiUw==",
      "hasInstallScript": true,
      "bin": {
        "bsc": "bsc",
        "bsrefmt": "bsrefmt",
        "bstracing": "lib/bstracing",
        "rescript": "rescript"
      }
    }
  }
}
